
Microsoft Visual Studio Solution File, Format Version 12.00
# Visual Studio Version 17
VisualStudioVersion = 17.10.34928.147
MinimumVisualStudioVersion = 10.0.40219.1
Project("{8BC9CEB8-8B4A-11D0-8D11-00A0C91BC942}") = "EasyResource", "EasyResource\EasyResource.vcxproj", "{A98E7E59-D2AC-407A-BA82-366059DFFCFA}"
EndProject
Project("{8BC9CEB8-8B4A-11D0-8D11-00A0C91BC942}") = "EasyResource.ConsoleTest", "EasyResource.ConsoleTest\EasyResource.ConsoleTest.vcxproj", "{FA0DC42C-DB18-453F-A50C-583190625C58}"
EndProject
Project("{8BC9CEB8-8B4A-11D0-8D11-00A0C91BC942}") = "EasyResourceManager", "EasyResourceManager\EasyResourceManager.vcxproj", "{7293C17C-8548-4068-9D8F-83DAD6CEC844}"
EndProject
Global
	GlobalSection(SolutionConfigurationPlatforms) = preSolution
		Debug|x64 = Debug|x64
		Debug|x86 = Debug|x86
		Release|x64 = Release|x64
		Release|x86 = Release|x86
	EndGlobalSection
	GlobalSection(ProjectConfigurationPlatforms) = postSolution
		{A98E7E59-D2AC-407A-BA82-366059DFFCFA}.Debug|x64.ActiveCfg = Debug|x64
		{A98E7E59-D2AC-407A-BA82-366059DFFCFA}.Debug|x64.Build.0 = Debug|x64
		{A98E7E59-D2AC-407A-BA82-366059DFFCFA}.Debug|x86.ActiveCfg = Debug|Win32
		{A98E7E59-D2AC-407A-BA82-366059DFFCFA}.Debug|x86.Build.0 = Debug|Win32
		{A98E7E59-D2AC-407A-BA82-366059DFFCFA}.Release|x64.ActiveCfg = Release|x64
		{A98E7E59-D2AC-407A-BA82-366059DFFCFA}.Release|x64.Build.0 = Release|x64
		{A98E7E59-D2AC-407A-BA82-366059DFFCFA}.Release|x86.ActiveCfg = Release|Win32
		{A98E7E59-D2AC-407A-BA82-366059DFFCFA}.Release|x86.Build.0 = Release|Win32
		{FA0DC42C-DB18-453F-A50C-583190625C58}.Debug|x64.ActiveCfg = Debug|x64
		{FA0DC42C-DB18-453F-A50C-583190625C58}.Debug|x64.Build.0 = Debug|x64
		{FA0DC42C-DB18-453F-A50C-583190625C58}.Debug|x86.ActiveCfg = Debug|Win32
		{FA0DC42C-DB18-453F-A50C-583190625C58}.Debug|x86.Build.0 = Debug|Win32
		{FA0DC42C-DB18-453F-A50C-583190625C58}.Release|x64.ActiveCfg = Release|x64
		{FA0DC42C-DB18-453F-A50C-583190625C58}.Release|x64.Build.0 = Release|x64
		{FA0DC42C-DB18-453F-A50C-583190625C58}.Release|x86.ActiveCfg = Release|Win32
		{FA0DC42C-DB18-453F-A50C-583190625C58}.Release|x86.Build.0 = Release|Win32
		{7293C17C-8548-4068-9D8F-83DAD6CEC844}.Debug|x64.ActiveCfg = Debug|x64
		{7293C17C-8548-4068-9D8F-83DAD6CEC844}.Debug|x64.Build.0 = Debug|x64
		{7293C17C-8548-4068-9D8F-83DAD6CEC844}.Debug|x86.ActiveCfg = Debug|Win32
		{7293C17C-8548-4068-9D8F-83DAD6CEC844}.Debug|x86.Build.0 = Debug|Win32
		{7293C17C-8548-4068-9D8F-83DAD6CEC844}.Release|x64.ActiveCfg = Release|x64
		{7293C17C-8548-4068-9D8F-83DAD6CEC844}.Release|x64.Build.0 = Release|x64
		{7293C17C-8548-4068-9D8F-83DAD6CEC844}.Release|x86.ActiveCfg = Release|Win32
		{7293C17C-8548-4068-9D8F-83DAD6CEC844}.Release|x86.Build.0 = Release|Win32
	EndGlobalSection
	GlobalSection(SolutionProperties) = preSolution
		HideSolutionNode = FALSE
	EndGlobalSection
	GlobalSection(ExtensibilityGlobals) = postSolution
		SolutionGuid = {DEBB037D-B64B-493B-9D66-2C5A398402D8}
	EndGlobalSection
EndGlobal
