<?xml version="1.0" encoding="utf-8"?>
<Project ToolsVersion="4.0" xmlns="http://schemas.microsoft.com/developer/msbuild/2003">
  <ItemGroup>
    <ClCompile Include="main.cpp" />
    <ClCompile Include="ui.cpp">
      <Filter>framework</Filter>
    </ClCompile>
    <ClCompile Include="menu.cpp">
      <Filter>framework</Filter>
    </ClCompile>
    <ClCompile Include="ImExtension.cpp">
      <Filter>ImGui</Filter>
    </ClCompile>
  </ItemGroup>
  <ItemGroup>
    <Filter Include="framework">
      <UniqueIdentifier>{78aa7511-b9bf-44eb-98cd-dbdda9bb17c0}</UniqueIdentifier>
    </Filter>
    <Filter Include="ImGui">
      <UniqueIdentifier>{f853ca95-410b-440f-9b45-86b77f6b1d30}</UniqueIdentifier>
    </Filter>
  </ItemGroup>
  <ItemGroup>
    <ClInclude Include="ui.h">
      <Filter>framework</Filter>
    </ClInclude>
    <ClInclude Include="menu.h">
      <Filter>framework</Filter>
    </ClInclude>
    <ClInclude Include="includes.h" />
    <ClInclude Include="ImExtension.h">
      <Filter>ImGui</Filter>
    </ClInclude>
  </ItemGroup>
</Project>